# THIS IS AN AUTOGENERATED FILE. DO NOT EDIT THIS FILE DIRECTLY.
# yarn lockfile v1


dayjs@^1.11.11:
  version "1.11.11"
  resolved "https://registry.yarnpkg.com/dayjs/-/dayjs-1.11.11.tgz#dfe0e9d54c5f8b68ccf8ca5f72ac603e7e5ed59e"
  integrity sha512-okzr3f11N6WuqYtZSvm+F776mB41wRZMhKP+hc34YdW+KmtYYK9iqvHSwo2k9FEH3fhGXvOPV6yz2IcSrfRUDg==

marked@^13.0.0:
  version "13.0.0"
  resolved "https://registry.yarnpkg.com/marked/-/marked-13.0.0.tgz#c18cda8a1fd0055859060c971e30f57beb79fd46"
  integrity sha512-VTeDCd9txf4KLLljUZ0nljE/Incb9SrWuueE44QVuU0pkOdh4sfCeW1Z6lPcxyDRSVY6rm8db/0OPaN75RNUmw==

snarkdown@^2.0.0:
  version "2.0.0"
  resolved "https://registry.yarnpkg.com/snarkdown/-/snarkdown-2.0.0.tgz#b1feb4db91b9f94a8ebbd7a50f3e99aee18b1e03"
  integrity sha512-MgL/7k/AZdXCTJiNgrO7chgDqaB9FGM/1Tvlcenenb7div6obaDATzs16JhFyHHBGodHT3B7RzRc5qk8pFhg3A==
